PODS:
  - LoremIpsum (1.0.0)
  - QIYU_iOS_SDK (3.7.0)

DEPENDENCIES:
  - LoremIpsum
  - QIYU_iOS_SDK

SPEC CHECKSUMS:
  LoremIpsum: 9029c55d36501b2ee0b05cc9ecda11d3a0479160
  QIYU_iOS_SDK: 9631a9a4690f2a2885b7f33fd378fa5bc47c0283

PODFILE CHECKSUM: 43f6e75b7254c1354ce9850db69f49d016413308

COCOAPODS: 1.0.0
